
Microsoft Visual Studio Solution File, Format Version 12.00
# Visual Studio 2013
VisualStudioVersion = 12.0.30501.0
MinimumVisualStudioVersion = 10.0.40219.1
Project("{2150E333-8FDC-42A3-9474-1A3956D46DE8}") = "WindowsPhone", "WindowsPhone", "{32EBDEB2-7E5B-4885-8AFC-022C153FE1F0}"
EndProject
Project("{2150E333-8FDC-42A3-9474-1A3956D46DE8}") = "MainApp", "MainApp", "{FC4E98A2-AC99-44B5-8DA7-D41468919307}"
EndProject
Project("{D954291E-2A0B-460D-934E-DC6B0785DB48}") = "MainApp.Shared", "Win\MainApp\MainApp.Shared\MainApp.Shared.shproj", "{F49334ED-7FCF-46B1-9D0B-FBB0AD5268DA}"
EndProject
Project("{FAE04EC0-301F-11D3-BF4B-00C04F79EFBC}") = "MainApp.Windows", "Win\MainApp\MainApp.Windows\MainApp.Windows.csproj", "{F8B59975-6507-4374-B550-09D34BBB8730}"
EndProject
Project("{FAE04EC0-301F-11D3-BF4B-00C04F79EFBC}") = "MainApp.WindowsPhone", "Win\MainApp\MainApp.WindowsPhone\MainApp.WindowsPhone.csproj", "{DE24FA42-C9D4-4B31-98CB-39F933C2E1F7}"
EndProject
Project("{2150E333-8FDC-42A3-9474-1A3956D46DE8}") = "CrossPlatform", "CrossPlatform", "{DCC40C8B-A6FC-4A50-A099-D8BC509B2BA6}"
EndProject
Project("{2150E333-8FDC-42A3-9474-1A3956D46DE8}") = "ThirdpartyPackage", "ThirdpartyPackage", "{D3354850-BB03-4BE0-B41B-6AA02543BFAC}"
EndProject
Project("{FAE04EC0-301F-11D3-BF4B-00C04F79EFBC}") = "CodeProjectReader", "CrossPlatform\CodeProjectReader\CodeProjectReader\CodeProjectReader.csproj", "{6B8354FE-567D-4251-AD03-C01C006E4043}"
EndProject
Project("{FAE04EC0-301F-11D3-BF4B-00C04F79EFBC}") = "CodeProjectReader.iOS", "CrossPlatform\CodeProjectReader\CodeProjectReader.iOS\CodeProjectReader.iOS.csproj", "{59648A3A-701E-4F34-A66D-7F725039926D}"
EndProject
Project("{FAE04EC0-301F-11D3-BF4B-00C04F79EFBC}") = "CodeProjectReader.Android", "CrossPlatform\CodeProjectReader\CodeProjectReader.Android\CodeProjectReader.Android.csproj", "{6EDEE5DB-B25B-4E71-9368-5B9F6DC59CC9}"
EndProject
Project("{FAE04EC0-301F-11D3-BF4B-00C04F79EFBC}") = "CodeProjectReader.WinPhone", "CrossPlatform\CodeProjectReader\CodeProjectReader.WinPhone\CodeProjectReader.WinPhone.csproj", "{6106A9D5-23F0-4CB6-9507-B970D08A0C62}"
EndProject
Project("{FAE04EC0-301F-11D3-BF4B-00C04F79EFBC}") = "MobileHtmlAgilityPack", "packages\MobileHtmlAgility\MobileHtmlAgilityPack.csproj", "{D91DC8A9-454E-4CB9-96BE-19652A67D0A4}"
EndProject
Global
	GlobalSection(SharedMSBuildProjectFiles) = preSolution
		Win\MainApp\MainApp.Shared\MainApp.Shared.projitems*{f8b59975-6507-4374-b550-09d34bbb8730}*SharedItemsImports = 4
		Win\MainApp\MainApp.Shared\MainApp.Shared.projitems*{de24fa42-c9d4-4b31-98cb-39f933c2e1f7}*SharedItemsImports = 4
		Win\MainApp\MainApp.Shared\MainApp.Shared.projitems*{f49334ed-7fcf-46b1-9d0b-fbb0ad5268da}*SharedItemsImports = 13
	EndGlobalSection
	GlobalSection(SolutionConfigurationPlatforms) = preSolution
		Ad-Hoc|Any CPU = Ad-Hoc|Any CPU
		Ad-Hoc|ARM = Ad-Hoc|ARM
		Ad-Hoc|iPhone = Ad-Hoc|iPhone
		Ad-Hoc|iPhoneSimulator = Ad-Hoc|iPhoneSimulator
		Ad-Hoc|Mixed Platforms = Ad-Hoc|Mixed Platforms
		Ad-Hoc|x64 = Ad-Hoc|x64
		Ad-Hoc|x86 = Ad-Hoc|x86
		AppStore|Any CPU = AppStore|Any CPU
		AppStore|ARM = AppStore|ARM
		AppStore|iPhone = AppStore|iPhone
		AppStore|iPhoneSimulator = AppStore|iPhoneSimulator
		AppStore|Mixed Platforms = AppStore|Mixed Platforms
		AppStore|x64 = AppStore|x64
		AppStore|x86 = AppStore|x86
		Debug|Any CPU = Debug|Any CPU
		Debug|ARM = Debug|ARM
		Debug|iPhone = Debug|iPhone
		Debug|iPhoneSimulator = Debug|iPhoneSimulator
		Debug|Mixed Platforms = Debug|Mixed Platforms
		Debug|x64 = Debug|x64
		Debug|x86 = Debug|x86
		Release|Any CPU = Release|Any CPU
		Release|ARM = Release|ARM
		Release|iPhone = Release|iPhone
		Release|iPhoneSimulator = Release|iPhoneSimulator
		Release|Mixed Platforms = Release|Mixed Platforms
		Release|x64 = Release|x64
		Release|x86 = Release|x86
	EndGlobalSection
	GlobalSection(ProjectConfigurationPlatforms) = postSolution
		{F8B59975-6507-4374-B550-09D34BBB8730}.Ad-Hoc|Any CPU.ActiveCfg = Release|Any CPU
		{F8B59975-6507-4374-B550-09D34BBB8730}.Ad-Hoc|Any CPU.Build.0 = Release|Any CPU
		{F8B59975-6507-4374-B550-09D34BBB8730}.Ad-Hoc|Any CPU.Deploy.0 = Release|Any CPU
		{F8B59975-6507-4374-B550-09D34BBB8730}.Ad-Hoc|ARM.ActiveCfg = Release|ARM
		{F8B59975-6507-4374-B550-09D34BBB8730}.Ad-Hoc|ARM.Build.0 = Release|ARM
		{F8B59975-6507-4374-B550-09D34BBB8730}.Ad-Hoc|ARM.Deploy.0 = Release|ARM
		{F8B59975-6507-4374-B550-09D34BBB8730}.Ad-Hoc|iPhone.ActiveCfg = Release|Any CPU
		{F8B59975-6507-4374-B550-09D34BBB8730}.Ad-Hoc|iPhoneSimulator.ActiveCfg = Release|Any CPU
		{F8B59975-6507-4374-B550-09D34BBB8730}.Ad-Hoc|Mixed Platforms.ActiveCfg = Release|x86
		{F8B59975-6507-4374-B550-09D34BBB8730}.Ad-Hoc|Mixed Platforms.Build.0 = Release|x86
		{F8B59975-6507-4374-B550-09D34BBB8730}.Ad-Hoc|Mixed Platforms.Deploy.0 = Release|x86
		{F8B59975-6507-4374-B550-09D34BBB8730}.Ad-Hoc|x64.ActiveCfg = Release|x64
		{F8B59975-6507-4374-B550-09D34BBB8730}.Ad-Hoc|x64.Build.0 = Release|x64
		{F8B59975-6507-4374-B550-09D34BBB8730}.Ad-Hoc|x64.Deploy.0 = Release|x64
		{F8B59975-6507-4374-B550-09D34BBB8730}.Ad-Hoc|x86.ActiveCfg = Release|x86
		{F8B59975-6507-4374-B550-09D34BBB8730}.Ad-Hoc|x86.Build.0 = Release|x86
		{F8B59975-6507-4374-B550-09D34BBB8730}.Ad-Hoc|x86.Deploy.0 = Release|x86
		{F8B59975-6507-4374-B550-09D34BBB8730}.AppStore|Any CPU.ActiveCfg = Release|Any CPU
		{F8B59975-6507-4374-B550-09D34BBB8730}.AppStore|Any CPU.Build.0 = Release|Any CPU
		{F8B59975-6507-4374-B550-09D34BBB8730}.AppStore|Any CPU.Deploy.0 = Release|Any CPU
		{F8B59975-6507-4374-B550-09D34BBB8730}.AppStore|ARM.ActiveCfg = Release|ARM
		{F8B59975-6507-4374-B550-09D34BBB8730}.AppStore|ARM.Build.0 = Release|ARM
		{F8B59975-6507-4374-B550-09D34BBB8730}.AppStore|ARM.Deploy.0 = Release|ARM
		{F8B59975-6507-4374-B550-09D34BBB8730}.AppStore|iPhone.ActiveCfg = Release|Any CPU
		{F8B59975-6507-4374-B550-09D34BBB8730}.AppStore|iPhoneSimulator.ActiveCfg = Release|Any CPU
		{F8B59975-6507-4374-B550-09D34BBB8730}.AppStore|Mixed Platforms.ActiveCfg = Release|x86
		{F8B59975-6507-4374-B550-09D34BBB8730}.AppStore|Mixed Platforms.Build.0 = Release|x86
		{F8B59975-6507-4374-B550-09D34BBB8730}.AppStore|Mixed Platforms.Deploy.0 = Release|x86
		{F8B59975-6507-4374-B550-09D34BBB8730}.AppStore|x64.ActiveCfg = Release|x64
		{F8B59975-6507-4374-B550-09D34BBB8730}.AppStore|x64.Build.0 = Release|x64
		{F8B59975-6507-4374-B550-09D34BBB8730}.AppStore|x64.Deploy.0 = Release|x64
		{F8B59975-6507-4374-B550-09D34BBB8730}.AppStore|x86.ActiveCfg = Release|x86
		{F8B59975-6507-4374-B550-09D34BBB8730}.AppStore|x86.Build.0 = Release|x86
		{F8B59975-6507-4374-B550-09D34BBB8730}.AppStore|x86.Deploy.0 = Release|x86
		{F8B59975-6507-4374-B550-09D34BBB8730}.Debug|Any CPU.ActiveCfg = Debug|Any CPU
		{F8B59975-6507-4374-B550-09D34BBB8730}.Debug|Any CPU.Build.0 = Debug|Any CPU
		{F8B59975-6507-4374-B550-09D34BBB8730}.Debug|Any CPU.Deploy.0 = Debug|Any CPU
		{F8B59975-6507-4374-B550-09D34BBB8730}.Debug|ARM.ActiveCfg = Debug|ARM
		{F8B59975-6507-4374-B550-09D34BBB8730}.Debug|ARM.Build.0 = Debug|ARM
		{F8B59975-6507-4374-B550-09D34BBB8730}.Debug|ARM.Deploy.0 = Debug|ARM
		{F8B59975-6507-4374-B550-09D34BBB8730}.Debug|iPhone.ActiveCfg = Debug|Any CPU
		{F8B59975-6507-4374-B550-09D34BBB8730}.Debug|iPhoneSimulator.ActiveCfg = Debug|Any CPU
		{F8B59975-6507-4374-B550-09D34BBB8730}.Debug|Mixed Platforms.ActiveCfg = Debug|x86
		{F8B59975-6507-4374-B550-09D34BBB8730}.Debug|Mixed Platforms.Build.0 = Debug|x86
		{F8B59975-6507-4374-B550-09D34BBB8730}.Debug|Mixed Platforms.Deploy.0 = Debug|x86
		{F8B59975-6507-4374-B550-09D34BBB8730}.Debug|x64.ActiveCfg = Debug|x64
		{F8B59975-6507-4374-B550-09D34BBB8730}.Debug|x64.Build.0 = Debug|x64
		{F8B59975-6507-4374-B550-09D34BBB8730}.Debug|x64.Deploy.0 = Debug|x64
		{F8B59975-6507-4374-B550-09D34BBB8730}.Debug|x86.ActiveCfg = Debug|x86
		{F8B59975-6507-4374-B550-09D34BBB8730}.Debug|x86.Build.0 = Debug|x86
		{F8B59975-6507-4374-B550-09D34BBB8730}.Debug|x86.Deploy.0 = Debug|x86
		{F8B59975-6507-4374-B550-09D34BBB8730}.Release|Any CPU.ActiveCfg = Release|Any CPU
		{F8B59975-6507-4374-B550-09D34BBB8730}.Release|Any CPU.Build.0 = Release|Any CPU
		{F8B59975-6507-4374-B550-09D34BBB8730}.Release|Any CPU.Deploy.0 = Release|Any CPU
		{F8B59975-6507-4374-B550-09D34BBB8730}.Release|ARM.ActiveCfg = Release|ARM
		{F8B59975-6507-4374-B550-09D34BBB8730}.Release|ARM.Build.0 = Release|ARM
		{F8B59975-6507-4374-B550-09D34BBB8730}.Release|ARM.Deploy.0 = Release|ARM
		{F8B59975-6507-4374-B550-09D34BBB8730}.Release|iPhone.ActiveCfg = Release|Any CPU
		{F8B59975-6507-4374-B550-09D34BBB8730}.Release|iPhoneSimulator.ActiveCfg = Release|Any CPU
		{F8B59975-6507-4374-B550-09D34BBB8730}.Release|Mixed Platforms.ActiveCfg = Release|x86
		{F8B59975-6507-4374-B550-09D34BBB8730}.Release|Mixed Platforms.Build.0 = Release|x86
		{F8B59975-6507-4374-B550-09D34BBB8730}.Release|Mixed Platforms.Deploy.0 = Release|x86
		{F8B59975-6507-4374-B550-09D34BBB8730}.Release|x64.ActiveCfg = Release|x64
		{F8B59975-6507-4374-B550-09D34BBB8730}.Release|x64.Build.0 = Release|x64
		{F8B59975-6507-4374-B550-09D34BBB8730}.Release|x64.Deploy.0 = Release|x64
		{F8B59975-6507-4374-B550-09D34BBB8730}.Release|x86.ActiveCfg = Release|x86
		{F8B59975-6507-4374-B550-09D34BBB8730}.Release|x86.Build.0 = Release|x86
		{F8B59975-6507-4374-B550-09D34BBB8730}.Release|x86.Deploy.0 = Release|x86
		{DE24FA42-C9D4-4B31-98CB-39F933C2E1F7}.Ad-Hoc|Any CPU.ActiveCfg = Release|Any CPU
		{DE24FA42-C9D4-4B31-98CB-39F933C2E1F7}.Ad-Hoc|Any CPU.Build.0 = Release|Any CPU
		{DE24FA42-C9D4-4B31-98CB-39F933C2E1F7}.Ad-Hoc|Any CPU.Deploy.0 = Release|Any CPU
		{DE24FA42-C9D4-4B31-98CB-39F933C2E1F7}.Ad-Hoc|ARM.ActiveCfg = Release|ARM
		{DE24FA42-C9D4-4B31-98CB-39F933C2E1F7}.Ad-Hoc|ARM.Build.0 = Release|ARM
		{DE24FA42-C9D4-4B31-98CB-39F933C2E1F7}.Ad-Hoc|ARM.Deploy.0 = Release|ARM
		{DE24FA42-C9D4-4B31-98CB-39F933C2E1F7}.Ad-Hoc|iPhone.ActiveCfg = Release|Any CPU
		{DE24FA42-C9D4-4B31-98CB-39F933C2E1F7}.Ad-Hoc|iPhoneSimulator.ActiveCfg = Release|Any CPU
		{DE24FA42-C9D4-4B31-98CB-39F933C2E1F7}.Ad-Hoc|Mixed Platforms.ActiveCfg = Release|x86
		{DE24FA42-C9D4-4B31-98CB-39F933C2E1F7}.Ad-Hoc|Mixed Platforms.Build.0 = Release|x86
		{DE24FA42-C9D4-4B31-98CB-39F933C2E1F7}.Ad-Hoc|Mixed Platforms.Deploy.0 = Release|x86
		{DE24FA42-C9D4-4B31-98CB-39F933C2E1F7}.Ad-Hoc|x64.ActiveCfg = Release|Any CPU
		{DE24FA42-C9D4-4B31-98CB-39F933C2E1F7}.Ad-Hoc|x86.ActiveCfg = Release|x86
		{DE24FA42-C9D4-4B31-98CB-39F933C2E1F7}.Ad-Hoc|x86.Build.0 = Release|x86
		{DE24FA42-C9D4-4B31-98CB-39F933C2E1F7}.Ad-Hoc|x86.Deploy.0 = Release|x86
		{DE24FA42-C9D4-4B31-98CB-39F933C2E1F7}.AppStore|Any CPU.ActiveCfg = Release|Any CPU
		{DE24FA42-C9D4-4B31-98CB-39F933C2E1F7}.AppStore|Any CPU.Build.0 = Release|Any CPU
		{DE24FA42-C9D4-4B31-98CB-39F933C2E1F7}.AppStore|Any CPU.Deploy.0 = Release|Any CPU
		{DE24FA42-C9D4-4B31-98CB-39F933C2E1F7}.AppStore|ARM.ActiveCfg = Release|ARM
		{DE24FA42-C9D4-4B31-98CB-39F933C2E1F7}.AppStore|ARM.Build.0 = Release|ARM
		{DE24FA42-C9D4-4B31-98CB-39F933C2E1F7}.AppStore|ARM.Deploy.0 = Release|ARM
		{DE24FA42-C9D4-4B31-98CB-39F933C2E1F7}.AppStore|iPhone.ActiveCfg = Release|Any CPU
		{DE24FA42-C9D4-4B31-98CB-39F933C2E1F7}.AppStore|iPhoneSimulator.ActiveCfg = Release|Any CPU
		{DE24FA42-C9D4-4B31-98CB-39F933C2E1F7}.AppStore|Mixed Platforms.ActiveCfg = Release|x86
		{DE24FA42-C9D4-4B31-98CB-39F933C2E1F7}.AppStore|Mixed Platforms.Build.0 = Release|x86
		{DE24FA42-C9D4-4B31-98CB-39F933C2E1F7}.AppStore|Mixed Platforms.Deploy.0 = Release|x86
		{DE24FA42-C9D4-4B31-98CB-39F933C2E1F7}.AppStore|x64.ActiveCfg = Release|Any CPU
		{DE24FA42-C9D4-4B31-98CB-39F933C2E1F7}.AppStore|x86.ActiveCfg = Release|x86
		{DE24FA42-C9D4-4B31-98CB-39F933C2E1F7}.AppStore|x86.Build.0 = Release|x86
		{DE24FA42-C9D4-4B31-98CB-39F933C2E1F7}.AppStore|x86.Deploy.0 = Release|x86
		{DE24FA42-C9D4-4B31-98CB-39F933C2E1F7}.Debug|Any CPU.ActiveCfg = Debug|Any CPU
		{DE24FA42-C9D4-4B31-98CB-39F933C2E1F7}.Debug|Any CPU.Build.0 = Debug|Any CPU
		{DE24FA42-C9D4-4B31-98CB-39F933C2E1F7}.Debug|Any CPU.Deploy.0 = Debug|Any CPU
		{DE24FA42-C9D4-4B31-98CB-39F933C2E1F7}.Debug|ARM.ActiveCfg = Debug|ARM
		{DE24FA42-C9D4-4B31-98CB-39F933C2E1F7}.Debug|ARM.Build.0 = Debug|ARM
		{DE24FA42-C9D4-4B31-98CB-39F933C2E1F7}.Debug|ARM.Deploy.0 = Debug|ARM
		{DE24FA42-C9D4-4B31-98CB-39F933C2E1F7}.Debug|iPhone.ActiveCfg = Debug|Any CPU
		{DE24FA42-C9D4-4B31-98CB-39F933C2E1F7}.Debug|iPhoneSimulator.ActiveCfg = Debug|Any CPU
		{DE24FA42-C9D4-4B31-98CB-39F933C2E1F7}.Debug|Mixed Platforms.ActiveCfg = Debug|x86
		{DE24FA42-C9D4-4B31-98CB-39F933C2E1F7}.Debug|Mixed Platforms.Build.0 = Debug|x86
		{DE24FA42-C9D4-4B31-98CB-39F933C2E1F7}.Debug|Mixed Platforms.Deploy.0 = Debug|x86
		{DE24FA42-C9D4-4B31-98CB-39F933C2E1F7}.Debug|x64.ActiveCfg = Debug|Any CPU
		{DE24FA42-C9D4-4B31-98CB-39F933C2E1F7}.Debug|x86.ActiveCfg = Debug|x86
		{DE24FA42-C9D4-4B31-98CB-39F933C2E1F7}.Debug|x86.Build.0 = Debug|x86
		{DE24FA42-C9D4-4B31-98CB-39F933C2E1F7}.Debug|x86.Deploy.0 = Debug|x86
		{DE24FA42-C9D4-4B31-98CB-39F933C2E1F7}.Release|Any CPU.ActiveCfg = Release|Any CPU
		{DE24FA42-C9D4-4B31-98CB-39F933C2E1F7}.Release|Any CPU.Build.0 = Release|Any CPU
		{DE24FA42-C9D4-4B31-98CB-39F933C2E1F7}.Release|Any CPU.Deploy.0 = Release|Any CPU
		{DE24FA42-C9D4-4B31-98CB-39F933C2E1F7}.Release|ARM.ActiveCfg = Release|ARM
		{DE24FA42-C9D4-4B31-98CB-39F933C2E1F7}.Release|ARM.Build.0 = Release|ARM
		{DE24FA42-C9D4-4B31-98CB-39F933C2E1F7}.Release|ARM.Deploy.0 = Release|ARM
		{DE24FA42-C9D4-4B31-98CB-39F933C2E1F7}.Release|iPhone.ActiveCfg = Release|Any CPU
		{DE24FA42-C9D4-4B31-98CB-39F933C2E1F7}.Release|iPhoneSimulator.ActiveCfg = Release|Any CPU
		{DE24FA42-C9D4-4B31-98CB-39F933C2E1F7}.Release|Mixed Platforms.ActiveCfg = Release|x86
		{DE24FA42-C9D4-4B31-98CB-39F933C2E1F7}.Release|Mixed Platforms.Build.0 = Release|x86
		{DE24FA42-C9D4-4B31-98CB-39F933C2E1F7}.Release|Mixed Platforms.Deploy.0 = Release|x86
		{DE24FA42-C9D4-4B31-98CB-39F933C2E1F7}.Release|x64.ActiveCfg = Release|Any CPU
		{DE24FA42-C9D4-4B31-98CB-39F933C2E1F7}.Release|x86.ActiveCfg = Release|x86
		{DE24FA42-C9D4-4B31-98CB-39F933C2E1F7}.Release|x86.Build.0 = Release|x86
		{DE24FA42-C9D4-4B31-98CB-39F933C2E1F7}.Release|x86.Deploy.0 = Release|x86
		{6B8354FE-567D-4251-AD03-C01C006E4043}.Ad-Hoc|Any CPU.ActiveCfg = Release|Any CPU
		{6B8354FE-567D-4251-AD03-C01C006E4043}.Ad-Hoc|Any CPU.Build.0 = Release|Any CPU
		{6B8354FE-567D-4251-AD03-C01C006E4043}.Ad-Hoc|ARM.ActiveCfg = Release|Any CPU
		{6B8354FE-567D-4251-AD03-C01C006E4043}.Ad-Hoc|iPhone.ActiveCfg = Release|Any CPU
		{6B8354FE-567D-4251-AD03-C01C006E4043}.Ad-Hoc|iPhoneSimulator.ActiveCfg = Release|Any CPU
		{6B8354FE-567D-4251-AD03-C01C006E4043}.Ad-Hoc|Mixed Platforms.ActiveCfg = Release|Any CPU
		{6B8354FE-567D-4251-AD03-C01C006E4043}.Ad-Hoc|Mixed Platforms.Build.0 = Release|Any CPU
		{6B8354FE-567D-4251-AD03-C01C006E4043}.Ad-Hoc|x64.ActiveCfg = Release|Any CPU
		{6B8354FE-567D-4251-AD03-C01C006E4043}.Ad-Hoc|x86.ActiveCfg = Release|Any CPU
		{6B8354FE-567D-4251-AD03-C01C006E4043}.AppStore|Any CPU.ActiveCfg = Release|Any CPU
		{6B8354FE-567D-4251-AD03-C01C006E4043}.AppStore|Any CPU.Build.0 = Release|Any CPU
		{6B8354FE-567D-4251-AD03-C01C006E4043}.AppStore|ARM.ActiveCfg = Release|Any CPU
		{6B8354FE-567D-4251-AD03-C01C006E4043}.AppStore|iPhone.ActiveCfg = Release|Any CPU
		{6B8354FE-567D-4251-AD03-C01C006E4043}.AppStore|iPhoneSimulator.ActiveCfg = Release|Any CPU
		{6B8354FE-567D-4251-AD03-C01C006E4043}.AppStore|Mixed Platforms.ActiveCfg = Release|Any CPU
		{6B8354FE-567D-4251-AD03-C01C006E4043}.AppStore|Mixed Platforms.Build.0 = Release|Any CPU
		{6B8354FE-567D-4251-AD03-C01C006E4043}.AppStore|x64.ActiveCfg = Release|Any CPU
		{6B8354FE-567D-4251-AD03-C01C006E4043}.AppStore|x86.ActiveCfg = Release|Any CPU
		{6B8354FE-567D-4251-AD03-C01C006E4043}.Debug|Any CPU.ActiveCfg = Debug|Any CPU
		{6B8354FE-567D-4251-AD03-C01C006E4043}.Debug|Any CPU.Build.0 = Debug|Any CPU
		{6B8354FE-567D-4251-AD03-C01C006E4043}.Debug|ARM.ActiveCfg = Debug|Any CPU
		{6B8354FE-567D-4251-AD03-C01C006E4043}.Debug|iPhone.ActiveCfg = Debug|Any CPU
		{6B8354FE-567D-4251-AD03-C01C006E4043}.Debug|iPhoneSimulator.ActiveCfg = Debug|Any CPU
		{6B8354FE-567D-4251-AD03-C01C006E4043}.Debug|Mixed Platforms.ActiveCfg = Debug|Any CPU
		{6B8354FE-567D-4251-AD03-C01C006E4043}.Debug|Mixed Platforms.Build.0 = Debug|Any CPU
		{6B8354FE-567D-4251-AD03-C01C006E4043}.Debug|x64.ActiveCfg = Debug|Any CPU
		{6B8354FE-567D-4251-AD03-C01C006E4043}.Debug|x86.ActiveCfg = Debug|Any CPU
		{6B8354FE-567D-4251-AD03-C01C006E4043}.Release|Any CPU.ActiveCfg = Release|Any CPU
		{6B8354FE-567D-4251-AD03-C01C006E4043}.Release|Any CPU.Build.0 = Release|Any CPU
		{6B8354FE-567D-4251-AD03-C01C006E4043}.Release|ARM.ActiveCfg = Release|Any CPU
		{6B8354FE-567D-4251-AD03-C01C006E4043}.Release|iPhone.ActiveCfg = Release|Any CPU
		{6B8354FE-567D-4251-AD03-C01C006E4043}.Release|iPhoneSimulator.ActiveCfg = Release|Any CPU
		{6B8354FE-567D-4251-AD03-C01C006E4043}.Release|Mixed Platforms.ActiveCfg = Release|Any CPU
		{6B8354FE-567D-4251-AD03-C01C006E4043}.Release|Mixed Platforms.Build.0 = Release|Any CPU
		{6B8354FE-567D-4251-AD03-C01C006E4043}.Release|x64.ActiveCfg = Release|Any CPU
		{6B8354FE-567D-4251-AD03-C01C006E4043}.Release|x86.ActiveCfg = Release|Any CPU
		{59648A3A-701E-4F34-A66D-7F725039926D}.Ad-Hoc|Any CPU.ActiveCfg = Ad-Hoc|iPhone
		{59648A3A-701E-4F34-A66D-7F725039926D}.Ad-Hoc|ARM.ActiveCfg = Ad-Hoc|iPhone
		{59648A3A-701E-4F34-A66D-7F725039926D}.Ad-Hoc|iPhone.ActiveCfg = Ad-Hoc|iPhone
		{59648A3A-701E-4F34-A66D-7F725039926D}.Ad-Hoc|iPhone.Build.0 = Ad-Hoc|iPhone
		{59648A3A-701E-4F34-A66D-7F725039926D}.Ad-Hoc|iPhone.Deploy.0 = Ad-Hoc|iPhone
		{59648A3A-701E-4F34-A66D-7F725039926D}.Ad-Hoc|iPhoneSimulator.ActiveCfg = Ad-Hoc|iPhoneSimulator
		{59648A3A-701E-4F34-A66D-7F725039926D}.Ad-Hoc|iPhoneSimulator.Build.0 = Ad-Hoc|iPhoneSimulator
		{59648A3A-701E-4F34-A66D-7F725039926D}.Ad-Hoc|iPhoneSimulator.Deploy.0 = Ad-Hoc|iPhoneSimulator
		{59648A3A-701E-4F34-A66D-7F725039926D}.Ad-Hoc|Mixed Platforms.ActiveCfg = Ad-Hoc|iPhone
		{59648A3A-701E-4F34-A66D-7F725039926D}.Ad-Hoc|Mixed Platforms.Build.0 = Ad-Hoc|iPhone
		{59648A3A-701E-4F34-A66D-7F725039926D}.Ad-Hoc|Mixed Platforms.Deploy.0 = Ad-Hoc|iPhone
		{59648A3A-701E-4F34-A66D-7F725039926D}.Ad-Hoc|x64.ActiveCfg = Ad-Hoc|iPhone
		{59648A3A-701E-4F34-A66D-7F725039926D}.Ad-Hoc|x86.ActiveCfg = Ad-Hoc|iPhone
		{59648A3A-701E-4F34-A66D-7F725039926D}.AppStore|Any CPU.ActiveCfg = AppStore|iPhone
		{59648A3A-701E-4F34-A66D-7F725039926D}.AppStore|ARM.ActiveCfg = AppStore|iPhone
		{59648A3A-701E-4F34-A66D-7F725039926D}.AppStore|iPhone.ActiveCfg = AppStore|iPhone
		{59648A3A-701E-4F34-A66D-7F725039926D}.AppStore|iPhone.Build.0 = AppStore|iPhone
		{59648A3A-701E-4F34-A66D-7F725039926D}.AppStore|iPhone.Deploy.0 = AppStore|iPhone
		{59648A3A-701E-4F34-A66D-7F725039926D}.AppStore|iPhoneSimulator.ActiveCfg = AppStore|iPhoneSimulator
		{59648A3A-701E-4F34-A66D-7F725039926D}.AppStore|iPhoneSimulator.Build.0 = AppStore|iPhoneSimulator
		{59648A3A-701E-4F34-A66D-7F725039926D}.AppStore|iPhoneSimulator.Deploy.0 = AppStore|iPhoneSimulator
		{59648A3A-701E-4F34-A66D-7F725039926D}.AppStore|Mixed Platforms.ActiveCfg = AppStore|iPhone
		{59648A3A-701E-4F34-A66D-7F725039926D}.AppStore|Mixed Platforms.Build.0 = AppStore|iPhone
		{59648A3A-701E-4F34-A66D-7F725039926D}.AppStore|Mixed Platforms.Deploy.0 = AppStore|iPhone
		{59648A3A-701E-4F34-A66D-7F725039926D}.AppStore|x64.ActiveCfg = AppStore|iPhone
		{59648A3A-701E-4F34-A66D-7F725039926D}.AppStore|x86.ActiveCfg = AppStore|iPhone
		{59648A3A-701E-4F34-A66D-7F725039926D}.Debug|Any CPU.ActiveCfg = Debug|iPhone
		{59648A3A-701E-4F34-A66D-7F725039926D}.Debug|ARM.ActiveCfg = Debug|iPhone
		{59648A3A-701E-4F34-A66D-7F725039926D}.Debug|iPhone.ActiveCfg = Debug|iPhone
		{59648A3A-701E-4F34-A66D-7F725039926D}.Debug|iPhone.Build.0 = Debug|iPhone
		{59648A3A-701E-4F34-A66D-7F725039926D}.Debug|iPhone.Deploy.0 = Debug|iPhone
		{59648A3A-701E-4F34-A66D-7F725039926D}.Debug|iPhoneSimulator.ActiveCfg = Debug|iPhoneSimulator
		{59648A3A-701E-4F34-A66D-7F725039926D}.Debug|iPhoneSimulator.Build.0 = Debug|iPhoneSimulator
		{59648A3A-701E-4F34-A66D-7F725039926D}.Debug|iPhoneSimulator.Deploy.0 = Debug|iPhoneSimulator
		{59648A3A-701E-4F34-A66D-7F725039926D}.Debug|Mixed Platforms.ActiveCfg = Debug|iPhone
		{59648A3A-701E-4F34-A66D-7F725039926D}.Debug|Mixed Platforms.Build.0 = Debug|iPhone
		{59648A3A-701E-4F34-A66D-7F725039926D}.Debug|Mixed Platforms.Deploy.0 = Debug|iPhone
		{59648A3A-701E-4F34-A66D-7F725039926D}.Debug|x64.ActiveCfg = Debug|iPhone
		{59648A3A-701E-4F34-A66D-7F725039926D}.Debug|x86.ActiveCfg = Debug|iPhone
		{59648A3A-701E-4F34-A66D-7F725039926D}.Release|Any CPU.ActiveCfg = Release|iPhone
		{59648A3A-701E-4F34-A66D-7F725039926D}.Release|ARM.ActiveCfg = Release|iPhone
		{59648A3A-701E-4F34-A66D-7F725039926D}.Release|iPhone.ActiveCfg = Release|iPhone
		{59648A3A-701E-4F34-A66D-7F725039926D}.Release|iPhone.Build.0 = Release|iPhone
		{59648A3A-701E-4F34-A66D-7F725039926D}.Release|iPhone.Deploy.0 = Release|iPhone
		{59648A3A-701E-4F34-A66D-7F725039926D}.Release|iPhoneSimulator.ActiveCfg = Release|iPhoneSimulator
		{59648A3A-701E-4F34-A66D-7F725039926D}.Release|iPhoneSimulator.Build.0 = Release|iPhoneSimulator
		{59648A3A-701E-4F34-A66D-7F725039926D}.Release|iPhoneSimulator.Deploy.0 = Release|iPhoneSimulator
		{59648A3A-701E-4F34-A66D-7F725039926D}.Release|Mixed Platforms.ActiveCfg = Release|iPhone
		{59648A3A-701E-4F34-A66D-7F725039926D}.Release|Mixed Platforms.Build.0 = Release|iPhone
		{59648A3A-701E-4F34-A66D-7F725039926D}.Release|Mixed Platforms.Deploy.0 = Release|iPhone
		{59648A3A-701E-4F34-A66D-7F725039926D}.Release|x64.ActiveCfg = Release|iPhone
		{59648A3A-701E-4F34-A66D-7F725039926D}.Release|x86.ActiveCfg = Release|iPhone
		{6EDEE5DB-B25B-4E71-9368-5B9F6DC59CC9}.Ad-Hoc|Any CPU.ActiveCfg = Release|Any CPU
		{6EDEE5DB-B25B-4E71-9368-5B9F6DC59CC9}.Ad-Hoc|Any CPU.Build.0 = Release|Any CPU
		{6EDEE5DB-B25B-4E71-9368-5B9F6DC59CC9}.Ad-Hoc|Any CPU.Deploy.0 = Release|Any CPU
		{6EDEE5DB-B25B-4E71-9368-5B9F6DC59CC9}.Ad-Hoc|ARM.ActiveCfg = Release|Any CPU
		{6EDEE5DB-B25B-4E71-9368-5B9F6DC59CC9}.Ad-Hoc|iPhone.ActiveCfg = Release|Any CPU
		{6EDEE5DB-B25B-4E71-9368-5B9F6DC59CC9}.Ad-Hoc|iPhoneSimulator.ActiveCfg = Release|Any CPU
		{6EDEE5DB-B25B-4E71-9368-5B9F6DC59CC9}.Ad-Hoc|Mixed Platforms.ActiveCfg = Release|Any CPU
		{6EDEE5DB-B25B-4E71-9368-5B9F6DC59CC9}.Ad-Hoc|Mixed Platforms.Build.0 = Release|Any CPU
		{6EDEE5DB-B25B-4E71-9368-5B9F6DC59CC9}.Ad-Hoc|Mixed Platforms.Deploy.0 = Release|Any CPU
		{6EDEE5DB-B25B-4E71-9368-5B9F6DC59CC9}.Ad-Hoc|x64.ActiveCfg = Release|Any CPU
		{6EDEE5DB-B25B-4E71-9368-5B9F6DC59CC9}.Ad-Hoc|x86.ActiveCfg = Release|Any CPU
		{6EDEE5DB-B25B-4E71-9368-5B9F6DC59CC9}.AppStore|Any CPU.ActiveCfg = Release|Any CPU
		{6EDEE5DB-B25B-4E71-9368-5B9F6DC59CC9}.AppStore|Any CPU.Build.0 = Release|Any CPU
		{6EDEE5DB-B25B-4E71-9368-5B9F6DC59CC9}.AppStore|Any CPU.Deploy.0 = Release|Any CPU
		{6EDEE5DB-B25B-4E71-9368-5B9F6DC59CC9}.AppStore|ARM.ActiveCfg = Release|Any CPU
		{6EDEE5DB-B25B-4E71-9368-5B9F6DC59CC9}.AppStore|iPhone.ActiveCfg = Release|Any CPU
		{6EDEE5DB-B25B-4E71-9368-5B9F6DC59CC9}.AppStore|iPhoneSimulator.ActiveCfg = Release|Any CPU
		{6EDEE5DB-B25B-4E71-9368-5B9F6DC59CC9}.AppStore|Mixed Platforms.ActiveCfg = Release|Any CPU
		{6EDEE5DB-B25B-4E71-9368-5B9F6DC59CC9}.AppStore|Mixed Platforms.Build.0 = Release|Any CPU
		{6EDEE5DB-B25B-4E71-9368-5B9F6DC59CC9}.AppStore|Mixed Platforms.Deploy.0 = Release|Any CPU
		{6EDEE5DB-B25B-4E71-9368-5B9F6DC59CC9}.AppStore|x64.ActiveCfg = Release|Any CPU
		{6EDEE5DB-B25B-4E71-9368-5B9F6DC59CC9}.AppStore|x86.ActiveCfg = Release|Any CPU
		{6EDEE5DB-B25B-4E71-9368-5B9F6DC59CC9}.Debug|Any CPU.ActiveCfg = Debug|Any CPU
		{6EDEE5DB-B25B-4E71-9368-5B9F6DC59CC9}.Debug|Any CPU.Build.0 = Debug|Any CPU
		{6EDEE5DB-B25B-4E71-9368-5B9F6DC59CC9}.Debug|Any CPU.Deploy.0 = Debug|Any CPU
		{6EDEE5DB-B25B-4E71-9368-5B9F6DC59CC9}.Debug|ARM.ActiveCfg = Debug|Any CPU
		{6EDEE5DB-B25B-4E71-9368-5B9F6DC59CC9}.Debug|iPhone.ActiveCfg = Debug|Any CPU
		{6EDEE5DB-B25B-4E71-9368-5B9F6DC59CC9}.Debug|iPhoneSimulator.ActiveCfg = Debug|Any CPU
		{6EDEE5DB-B25B-4E71-9368-5B9F6DC59CC9}.Debug|Mixed Platforms.ActiveCfg = Debug|Any CPU
		{6EDEE5DB-B25B-4E71-9368-5B9F6DC59CC9}.Debug|Mixed Platforms.Build.0 = Debug|Any CPU
		{6EDEE5DB-B25B-4E71-9368-5B9F6DC59CC9}.Debug|Mixed Platforms.Deploy.0 = Debug|Any CPU
		{6EDEE5DB-B25B-4E71-9368-5B9F6DC59CC9}.Debug|x64.ActiveCfg = Debug|Any CPU
		{6EDEE5DB-B25B-4E71-9368-5B9F6DC59CC9}.Debug|x86.ActiveCfg = Debug|Any CPU
		{6EDEE5DB-B25B-4E71-9368-5B9F6DC59CC9}.Release|Any CPU.ActiveCfg = Release|Any CPU
		{6EDEE5DB-B25B-4E71-9368-5B9F6DC59CC9}.Release|Any CPU.Build.0 = Release|Any CPU
		{6EDEE5DB-B25B-4E71-9368-5B9F6DC59CC9}.Release|Any CPU.Deploy.0 = Release|Any CPU
		{6EDEE5DB-B25B-4E71-9368-5B9F6DC59CC9}.Release|ARM.ActiveCfg = Release|Any CPU
		{6EDEE5DB-B25B-4E71-9368-5B9F6DC59CC9}.Release|iPhone.ActiveCfg = Release|Any CPU
		{6EDEE5DB-B25B-4E71-9368-5B9F6DC59CC9}.Release|iPhoneSimulator.ActiveCfg = Release|Any CPU
		{6EDEE5DB-B25B-4E71-9368-5B9F6DC59CC9}.Release|Mixed Platforms.ActiveCfg = Release|Any CPU
		{6EDEE5DB-B25B-4E71-9368-5B9F6DC59CC9}.Release|Mixed Platforms.Build.0 = Release|Any CPU
		{6EDEE5DB-B25B-4E71-9368-5B9F6DC59CC9}.Release|Mixed Platforms.Deploy.0 = Release|Any CPU
		{6EDEE5DB-B25B-4E71-9368-5B9F6DC59CC9}.Release|x64.ActiveCfg = Release|Any CPU
		{6EDEE5DB-B25B-4E71-9368-5B9F6DC59CC9}.Release|x86.ActiveCfg = Release|Any CPU
		{6106A9D5-23F0-4CB6-9507-B970D08A0C62}.Ad-Hoc|Any CPU.ActiveCfg = Release|Any CPU
		{6106A9D5-23F0-4CB6-9507-B970D08A0C62}.Ad-Hoc|Any CPU.Build.0 = Release|Any CPU
		{6106A9D5-23F0-4CB6-9507-B970D08A0C62}.Ad-Hoc|Any CPU.Deploy.0 = Release|Any CPU
		{6106A9D5-23F0-4CB6-9507-B970D08A0C62}.Ad-Hoc|ARM.ActiveCfg = Release|ARM
		{6106A9D5-23F0-4CB6-9507-B970D08A0C62}.Ad-Hoc|ARM.Build.0 = Release|ARM
		{6106A9D5-23F0-4CB6-9507-B970D08A0C62}.Ad-Hoc|ARM.Deploy.0 = Release|ARM
		{6106A9D5-23F0-4CB6-9507-B970D08A0C62}.Ad-Hoc|iPhone.ActiveCfg = Release|Any CPU
		{6106A9D5-23F0-4CB6-9507-B970D08A0C62}.Ad-Hoc|iPhoneSimulator.ActiveCfg = Release|Any CPU
		{6106A9D5-23F0-4CB6-9507-B970D08A0C62}.Ad-Hoc|Mixed Platforms.ActiveCfg = Release|x86
		{6106A9D5-23F0-4CB6-9507-B970D08A0C62}.Ad-Hoc|Mixed Platforms.Build.0 = Release|x86
		{6106A9D5-23F0-4CB6-9507-B970D08A0C62}.Ad-Hoc|Mixed Platforms.Deploy.0 = Release|x86
		{6106A9D5-23F0-4CB6-9507-B970D08A0C62}.Ad-Hoc|x64.ActiveCfg = Release|Any CPU
		{6106A9D5-23F0-4CB6-9507-B970D08A0C62}.Ad-Hoc|x86.ActiveCfg = Release|x86
		{6106A9D5-23F0-4CB6-9507-B970D08A0C62}.Ad-Hoc|x86.Build.0 = Release|x86
		{6106A9D5-23F0-4CB6-9507-B970D08A0C62}.Ad-Hoc|x86.Deploy.0 = Release|x86
		{6106A9D5-23F0-4CB6-9507-B970D08A0C62}.AppStore|Any CPU.ActiveCfg = Release|Any CPU
		{6106A9D5-23F0-4CB6-9507-B970D08A0C62}.AppStore|Any CPU.Build.0 = Release|Any CPU
		{6106A9D5-23F0-4CB6-9507-B970D08A0C62}.AppStore|Any CPU.Deploy.0 = Release|Any CPU
		{6106A9D5-23F0-4CB6-9507-B970D08A0C62}.AppStore|ARM.ActiveCfg = Release|ARM
		{6106A9D5-23F0-4CB6-9507-B970D08A0C62}.AppStore|ARM.Build.0 = Release|ARM
		{6106A9D5-23F0-4CB6-9507-B970D08A0C62}.AppStore|ARM.Deploy.0 = Release|ARM
		{6106A9D5-23F0-4CB6-9507-B970D08A0C62}.AppStore|iPhone.ActiveCfg = Release|Any CPU
		{6106A9D5-23F0-4CB6-9507-B970D08A0C62}.AppStore|iPhoneSimulator.ActiveCfg = Release|Any CPU
		{6106A9D5-23F0-4CB6-9507-B970D08A0C62}.AppStore|Mixed Platforms.ActiveCfg = Release|x86
		{6106A9D5-23F0-4CB6-9507-B970D08A0C62}.AppStore|Mixed Platforms.Build.0 = Release|x86
		{6106A9D5-23F0-4CB6-9507-B970D08A0C62}.AppStore|Mixed Platforms.Deploy.0 = Release|x86
		{6106A9D5-23F0-4CB6-9507-B970D08A0C62}.AppStore|x64.ActiveCfg = Release|Any CPU
		{6106A9D5-23F0-4CB6-9507-B970D08A0C62}.AppStore|x86.ActiveCfg = Release|x86
		{6106A9D5-23F0-4CB6-9507-B970D08A0C62}.AppStore|x86.Build.0 = Release|x86
		{6106A9D5-23F0-4CB6-9507-B970D08A0C62}.AppStore|x86.Deploy.0 = Release|x86
		{6106A9D5-23F0-4CB6-9507-B970D08A0C62}.Debug|Any CPU.ActiveCfg = Debug|Any CPU
		{6106A9D5-23F0-4CB6-9507-B970D08A0C62}.Debug|Any CPU.Build.0 = Debug|Any CPU
		{6106A9D5-23F0-4CB6-9507-B970D08A0C62}.Debug|Any CPU.Deploy.0 = Debug|Any CPU
		{6106A9D5-23F0-4CB6-9507-B970D08A0C62}.Debug|ARM.ActiveCfg = Debug|ARM
		{6106A9D5-23F0-4CB6-9507-B970D08A0C62}.Debug|ARM.Build.0 = Debug|ARM
		{6106A9D5-23F0-4CB6-9507-B970D08A0C62}.Debug|ARM.Deploy.0 = Debug|ARM
		{6106A9D5-23F0-4CB6-9507-B970D08A0C62}.Debug|iPhone.ActiveCfg = Debug|Any CPU
		{6106A9D5-23F0-4CB6-9507-B970D08A0C62}.Debug|iPhoneSimulator.ActiveCfg = Debug|Any CPU
		{6106A9D5-23F0-4CB6-9507-B970D08A0C62}.Debug|Mixed Platforms.ActiveCfg = Debug|x86
		{6106A9D5-23F0-4CB6-9507-B970D08A0C62}.Debug|Mixed Platforms.Build.0 = Debug|x86
		{6106A9D5-23F0-4CB6-9507-B970D08A0C62}.Debug|Mixed Platforms.Deploy.0 = Debug|x86
		{6106A9D5-23F0-4CB6-9507-B970D08A0C62}.Debug|x64.ActiveCfg = Debug|Any CPU
		{6106A9D5-23F0-4CB6-9507-B970D08A0C62}.Debug|x86.ActiveCfg = Debug|x86
		{6106A9D5-23F0-4CB6-9507-B970D08A0C62}.Debug|x86.Build.0 = Debug|x86
		{6106A9D5-23F0-4CB6-9507-B970D08A0C62}.Debug|x86.Deploy.0 = Debug|x86
		{6106A9D5-23F0-4CB6-9507-B970D08A0C62}.Release|Any CPU.ActiveCfg = Release|Any CPU
		{6106A9D5-23F0-4CB6-9507-B970D08A0C62}.Release|Any CPU.Build.0 = Release|Any CPU
		{6106A9D5-23F0-4CB6-9507-B970D08A0C62}.Release|Any CPU.Deploy.0 = Release|Any CPU
		{6106A9D5-23F0-4CB6-9507-B970D08A0C62}.Release|ARM.ActiveCfg = Release|ARM
		{6106A9D5-23F0-4CB6-9507-B970D08A0C62}.Release|ARM.Build.0 = Release|ARM
		{6106A9D5-23F0-4CB6-9507-B970D08A0C62}.Release|ARM.Deploy.0 = Release|ARM
		{6106A9D5-23F0-4CB6-9507-B970D08A0C62}.Release|iPhone.ActiveCfg = Release|Any CPU
		{6106A9D5-23F0-4CB6-9507-B970D08A0C62}.Release|iPhoneSimulator.ActiveCfg = Release|Any CPU
		{6106A9D5-23F0-4CB6-9507-B970D08A0C62}.Release|Mixed Platforms.ActiveCfg = Release|x86
		{6106A9D5-23F0-4CB6-9507-B970D08A0C62}.Release|Mixed Platforms.Build.0 = Release|x86
		{6106A9D5-23F0-4CB6-9507-B970D08A0C62}.Release|Mixed Platforms.Deploy.0 = Release|x86
		{6106A9D5-23F0-4CB6-9507-B970D08A0C62}.Release|x64.ActiveCfg = Release|Any CPU
		{6106A9D5-23F0-4CB6-9507-B970D08A0C62}.Release|x86.ActiveCfg = Release|x86
		{6106A9D5-23F0-4CB6-9507-B970D08A0C62}.Release|x86.Build.0 = Release|x86
		{6106A9D5-23F0-4CB6-9507-B970D08A0C62}.Release|x86.Deploy.0 = Release|x86
		{D91DC8A9-454E-4CB9-96BE-19652A67D0A4}.Ad-Hoc|Any CPU.ActiveCfg = Release|Any CPU
		{D91DC8A9-454E-4CB9-96BE-19652A67D0A4}.Ad-Hoc|Any CPU.Build.0 = Release|Any CPU
		{D91DC8A9-454E-4CB9-96BE-19652A67D0A4}.Ad-Hoc|ARM.ActiveCfg = Release|Any CPU
		{D91DC8A9-454E-4CB9-96BE-19652A67D0A4}.Ad-Hoc|iPhone.ActiveCfg = Release|Any CPU
		{D91DC8A9-454E-4CB9-96BE-19652A67D0A4}.Ad-Hoc|iPhoneSimulator.ActiveCfg = Release|Any CPU
		{D91DC8A9-454E-4CB9-96BE-19652A67D0A4}.Ad-Hoc|Mixed Platforms.ActiveCfg = Release|Any CPU
		{D91DC8A9-454E-4CB9-96BE-19652A67D0A4}.Ad-Hoc|Mixed Platforms.Build.0 = Release|Any CPU
		{D91DC8A9-454E-4CB9-96BE-19652A67D0A4}.Ad-Hoc|x64.ActiveCfg = Release|Any CPU
		{D91DC8A9-454E-4CB9-96BE-19652A67D0A4}.Ad-Hoc|x86.ActiveCfg = Release|Any CPU
		{D91DC8A9-454E-4CB9-96BE-19652A67D0A4}.AppStore|Any CPU.ActiveCfg = Release|Any CPU
		{D91DC8A9-454E-4CB9-96BE-19652A67D0A4}.AppStore|Any CPU.Build.0 = Release|Any CPU
		{D91DC8A9-454E-4CB9-96BE-19652A67D0A4}.AppStore|ARM.ActiveCfg = Release|Any CPU
		{D91DC8A9-454E-4CB9-96BE-19652A67D0A4}.AppStore|iPhone.ActiveCfg = Release|Any CPU
		{D91DC8A9-454E-4CB9-96BE-19652A67D0A4}.AppStore|iPhoneSimulator.ActiveCfg = Release|Any CPU
		{D91DC8A9-454E-4CB9-96BE-19652A67D0A4}.AppStore|Mixed Platforms.ActiveCfg = Release|Any CPU
		{D91DC8A9-454E-4CB9-96BE-19652A67D0A4}.AppStore|Mixed Platforms.Build.0 = Release|Any CPU
		{D91DC8A9-454E-4CB9-96BE-19652A67D0A4}.AppStore|x64.ActiveCfg = Release|Any CPU
		{D91DC8A9-454E-4CB9-96BE-19652A67D0A4}.AppStore|x86.ActiveCfg = Release|Any CPU
		{D91DC8A9-454E-4CB9-96BE-19652A67D0A4}.Debug|Any CPU.ActiveCfg = Debug|Any CPU
		{D91DC8A9-454E-4CB9-96BE-19652A67D0A4}.Debug|Any CPU.Build.0 = Debug|Any CPU
		{D91DC8A9-454E-4CB9-96BE-19652A67D0A4}.Debug|ARM.ActiveCfg = Debug|Any CPU
		{D91DC8A9-454E-4CB9-96BE-19652A67D0A4}.Debug|iPhone.ActiveCfg = Debug|Any CPU
		{D91DC8A9-454E-4CB9-96BE-19652A67D0A4}.Debug|iPhoneSimulator.ActiveCfg = Debug|Any CPU
		{D91DC8A9-454E-4CB9-96BE-19652A67D0A4}.Debug|Mixed Platforms.ActiveCfg = Debug|Any CPU
		{D91DC8A9-454E-4CB9-96BE-19652A67D0A4}.Debug|Mixed Platforms.Build.0 = Debug|Any CPU
		{D91DC8A9-454E-4CB9-96BE-19652A67D0A4}.Debug|x64.ActiveCfg = Debug|Any CPU
		{D91DC8A9-454E-4CB9-96BE-19652A67D0A4}.Debug|x86.ActiveCfg = Debug|Any CPU
		{D91DC8A9-454E-4CB9-96BE-19652A67D0A4}.Release|Any CPU.ActiveCfg = Release|Any CPU
		{D91DC8A9-454E-4CB9-96BE-19652A67D0A4}.Release|Any CPU.Build.0 = Release|Any CPU
		{D91DC8A9-454E-4CB9-96BE-19652A67D0A4}.Release|ARM.ActiveCfg = Release|Any CPU
		{D91DC8A9-454E-4CB9-96BE-19652A67D0A4}.Release|iPhone.ActiveCfg = Release|Any CPU
		{D91DC8A9-454E-4CB9-96BE-19652A67D0A4}.Release|iPhoneSimulator.ActiveCfg = Release|Any CPU
		{D91DC8A9-454E-4CB9-96BE-19652A67D0A4}.Release|Mixed Platforms.ActiveCfg = Release|Any CPU
		{D91DC8A9-454E-4CB9-96BE-19652A67D0A4}.Release|Mixed Platforms.Build.0 = Release|Any CPU
		{D91DC8A9-454E-4CB9-96BE-19652A67D0A4}.Release|x64.ActiveCfg = Release|Any CPU
		{D91DC8A9-454E-4CB9-96BE-19652A67D0A4}.Release|x86.ActiveCfg = Release|Any CPU
	EndGlobalSection
	GlobalSection(SolutionProperties) = preSolution
		HideSolutionNode = FALSE
	EndGlobalSection
	GlobalSection(NestedProjects) = preSolution
		{FC4E98A2-AC99-44B5-8DA7-D41468919307} = {32EBDEB2-7E5B-4885-8AFC-022C153FE1F0}
		{F49334ED-7FCF-46B1-9D0B-FBB0AD5268DA} = {FC4E98A2-AC99-44B5-8DA7-D41468919307}
		{F8B59975-6507-4374-B550-09D34BBB8730} = {FC4E98A2-AC99-44B5-8DA7-D41468919307}
		{DE24FA42-C9D4-4B31-98CB-39F933C2E1F7} = {FC4E98A2-AC99-44B5-8DA7-D41468919307}
		{6B8354FE-567D-4251-AD03-C01C006E4043} = {DCC40C8B-A6FC-4A50-A099-D8BC509B2BA6}
		{59648A3A-701E-4F34-A66D-7F725039926D} = {DCC40C8B-A6FC-4A50-A099-D8BC509B2BA6}
		{6EDEE5DB-B25B-4E71-9368-5B9F6DC59CC9} = {DCC40C8B-A6FC-4A50-A099-D8BC509B2BA6}
		{6106A9D5-23F0-4CB6-9507-B970D08A0C62} = {DCC40C8B-A6FC-4A50-A099-D8BC509B2BA6}
		{D91DC8A9-454E-4CB9-96BE-19652A67D0A4} = {D3354850-BB03-4BE0-B41B-6AA02543BFAC}
	EndGlobalSection
EndGlobal
